<?xml version="1.0" encoding="utf-8"?>
<Project ToolsVersion="4.0" xmlns="http://schemas.microsoft.com/developer/msbuild/2003">
  <ItemGroup>
    <Filter Include="Layers">
      <UniqueIdentifier>{157446C0-0116-7196-EAD0-84EAD611F8E6}</UniqueIdentifier>
    </Filter>
  </ItemGroup>
  <ItemGroup>
    <ClInclude Include="src\Layers\AppLayer.h">
      <Filter>Layers</Filter>
    </ClInclude>
    <ClInclude Include="src\Util\ShapeLoader.h" />
    <ClInclude Include="src\Util\ShapeRenderer.h" />
    <ClInclude Include="src\Util\Shape.h" />
  </ItemGroup>
  <ItemGroup>
    <ClCompile Include="src\GeneticAlgorithm-ConsoleApp.cpp" />
    <ClCompile Include="src\Layers\AppLayer.cpp">
      <Filter>Layers</Filter>
    </ClCompile>
    <ClCompile Include="src\Util\ShapeLoader.cpp" />
    <ClCompile Include="src\Util\ShapeRenderer.cpp" />
  </ItemGroup>
  <ItemGroup>
    <None Include="resources\custom_shaders\ShapeShader.glsl" />
    <None Include="resources\custom_shaders\PhysicsCompute.glsl" />
    <None Include="resources\custom_shaders\GeneticCompute.glsl" />
    <None Include="resources\custom_shaders\EvolutionCompute.glsl" />
    <None Include="resources\custom_shaders\FitnessCompute.glsl" />
  </ItemGroup>
</Project>